
Microsoft Visual Studio Solution File, Format Version 12.00
# Visual Studio Version 17
VisualStudioVersion = 17.7.34031.279
MinimumVisualStudioVersion = 10.0.40219.1
Project("{FAE04EC0-301F-11D3-BF4B-00C04F79EFBC}") = "sql connection uyg", "sql connection uyg\sql connection uyg.csproj", "{D6E4EAD6-C04A-4A71-BB76-CEBDFB9E2CDF}"
EndProject
Global
	GlobalSection(SolutionConfigurationPlatforms) = preSolution
		Debug|Any CPU = Debug|Any CPU
		Release|Any CPU = Release|Any CPU
	EndGlobalSection
	GlobalSection(ProjectConfigurationPlatforms) = postSolution
		{D6E4EAD6-C04A-4A71-BB76-CEBDFB9E2CDF}.Debug|Any CPU.ActiveCfg = Debug|Any CPU
		{D6E4EAD6-C04A-4A71-BB76-CEBDFB9E2CDF}.Debug|Any CPU.Build.0 = Debug|Any CPU
		{D6E4EAD6-C04A-4A71-BB76-CEBDFB9E2CDF}.Release|Any CPU.ActiveCfg = Release|Any CPU
		{D6E4EAD6-C04A-4A71-BB76-CEBDFB9E2CDF}.Release|Any CPU.Build.0 = Release|Any CPU
	EndGlobalSection
	GlobalSection(SolutionProperties) = preSolution
		HideSolutionNode = FALSE
	EndGlobalSection
	GlobalSection(ExtensibilityGlobals) = postSolution
		SolutionGuid = {D1C5D108-4B1C-42D6-8F58-EA4767BCDF3C}
	EndGlobalSection
EndGlobal
